// !$*UTF8*$!
{
	archiveVersion = 1;
	classes = {
	};
	objectVersion = 46;
	objects = {

/* Begin PBXBuildFile section */
		6A2CB2E11C9D97CA00B57E82 /* main.m in Sources */ = {isa = PBXBuildFile; fileRef = 6A2CB2E01C9D97CA00B57E82 /* main.m */; };
		6A2CB2E41C9D97CA00B57E82 /* AppDelegate.m in Sources */ = {isa = PBXBuildFile; fileRef = 6A2CB2E31C9D97CA00B57E82 /* AppDelegate.m */; };
		6A2CB2E71C9D97CA00B57E82 /* MasterViewController.m in Sources */ = {isa = PBXBuildFile; fileRef = 6A2CB2E61C9D97CA00B57E82 /* MasterViewController.m */; };
		6A2CB2EA1C9D97CA00B57E82 /* DetailViewController.m in Sources */ = {isa = PBXBuildFile; fileRef = 6A2CB2E91C9D97CA00B57E82 /* DetailViewController.m */; };
		6A2CB2ED1C9D97CA00B57E82 /* Main.storyboard in Resources */ = {isa = PBXBuildFile; fileRef = 6A2CB2EB1C9D97CA00B57E82 /* Main.storyboard */; };
		6A2CB2EF1C9D97CA00B57E82 /* Assets.xcassets in Resources */ = {isa = PBXBuildFile; fileRef = 6A2CB2EE1C9D97CA00B57E82 /* Assets.xcassets */; };
		6A2CB2F21C9D97CA00B57E82 /* LaunchScreen.storyboard in Resources */ = {isa = PBXBuildFile; fileRef = 6A2CB2F01C9D97CA00B57E82 /* LaunchScreen.storyboard */; };
		6A2CB2FD1C9D97CA00B57E82 /* aaTests.m in Sources */ = {isa = PBXBuildFile; fileRef = 6A2CB2FC1C9D97CA00B57E82 /* aaTests.m */; };
		6A2CB3081C9D97CA00B57E82 /* aaUITests.m in Sources */ = {isa = PBXBuildFile; fileRef = 6A2CB3071C9D97CA00B57E82 /* aaUITests.m */; };
/* End PBXBuildFile section */

/* Begin PBXContainerItemProxy section */
		6A2CB2F91C9D97CA00B57E82 /* PBXContainerItemProxy */ = {
			isa = PBXContainerItemProxy;
			containerPortal = 6A2CB2D41C9D97CA00B57E82 /* Project object */;
			proxyType = 1;
			remoteGlobalIDString = 6A2CB2DB1C9D97CA00B57E82;
			remoteInfo = aa;
		};
		6A2CB3041C9D97CA00B57E82 /* PBXContainerItemProxy */ = {
			isa = PBXContainerItemProxy;
			containerPortal = 6A2CB2D41C9D97CA00B57E82 /* Project object */;
			proxyType = 1;
			remoteGlobalIDString = 6A2CB2DB1C9D97CA00B57E82;
			remoteInfo = aa;
		};
/* End PBXContainerItemProxy section */

/* Begin PBXFileReference section */
		6A2CB2DC1C9D97CA00B57E82 /* aa.app */ = {isa = PBXFileReference; explicitFileType = wrapper.application; includeInIndex = 0; path = aa.app; sourceTree = BUILT_PRODUCTS_DIR; };
		6A2CB2E01C9D97CA00B57E82 /* main.m */ = {isa = PBXFileReference; lastKnownFileType = sourcecode.c.objc; path = main.m; sourceTree = "<group>"; };
		6A2CB2E21C9D97CA00B57E82 /* AppDelegate.h */ = {isa = PBXFileReference; lastKnownFileType = sourcecode.c.h; path = AppDelegate.h; sourceTree = "<group>"; };
		6A2CB2E31C9D97CA00B57E82 /* AppDelegate.m */ = {isa = PBXFileReference; lastKnownFileType = sourcecode.c.objc; path = AppDelegate.m; sourceTree = "<group>"; };
		6A2CB2E51C9D97CA00B57E82 /* MasterViewController.h */ = {isa = PBXFileReference; lastKnownFileType = sourcecode.c.h; path = MasterViewController.h; sourceTree = "<group>"; };
		6A2CB2E61C9D97CA00B57E82 /* MasterViewController.m */ = {isa = PBXFileReference; lastKnownFileType = sourcecode.c.objc; path = MasterViewController.m; sourceTree = "<group>"; };
		6A2CB2E81C9D97CA00B57E82 /* DetailViewController.h */ = {isa = PBXFileReference; lastKnownFileType = sourcecode.c.h; path = DetailViewController.h; sourceTree = "<group>"; };
		6A2CB2E91C9D97CA00B57E82 /* DetailViewController.m */ = {isa = PBXFileReference; lastKnownFileType = sourcecode.c.objc; path = DetailViewController.m; sourceTree = "<group>"; };
		6A2CB2EC1C9D97CA00B57E82 /* Base */ = {isa = PBXFileReference; lastKnownFileType = file.storyboard; name = Base; path = Base.lproj/Main.storyboard; sourceTree = "<group>"; };
		6A2CB2EE1C9D97CA00B57E82 /* Assets.xcassets */ = {isa = PBXFileReference; lastKnownFileType = folder.assetcatalog; path = Assets.xcassets; sourceTree = "<group>"; };
		6A2CB2F11C9D97CA00B57E82 /* Base */ = {isa = PBXFileReference; lastKnownFileType = file.storyboard; name = Base; path = Base.lproj/LaunchScreen.storyboard; sourceTree = "<group>"; };
		6A2CB2F31C9D97CA00B57E82 /* Info.plist */ = {isa = PBXFileReference; lastKnownFileType = text.plist.xml; path = Info.plist; sourceTree = "<group>"; };
		6A2CB2F81C9D97CA00B57E82 /* aaTests.xctest */ = {isa = PBXFileReference; explicitFileType = wrapper.cfbundle; includeInIndex = 0; path = aaTests.xctest; sourceTree = BUILT_PRODUCTS_DIR; };
		6A2CB2FC1C9D97CA00B57E82 /* aaTests.m */ = {isa = PBXFileReference; lastKnownFileType = sourcecode.c.objc; path = aaTests.m; sourceTree = "<group>"; };
		6A2CB2FE1C9D97CA00B57E82 /* Info.plist */ = {isa = PBXFileReference; lastKnownFileType = text.plist.xml; path = Info.plist; sourceTree = "<group>"; };
		6A2CB3031C9D97CA00B57E82 /* aaUITests.xctest */ = {isa = PBXFileReference; explicitFileType = wrapper.cfbundle; includeInIndex = 0; path = aaUITests.xctest; sourceTree = BUILT_PRODUCTS_DIR; };
		6A2CB3071C9D97CA00B57E82 /* aaUITests.m */ = {isa = PBXFileReference; lastKnownFileType = sourcecode.c.objc; path = aaUITests.m; sourceTree = "<group>"; };
		6A2CB3091C9D97CA00B57E82 /* Info.plist */ = {isa = PBXFileReference; lastKnownFileType = text.plist.xml; path = Info.plist; sourceTree = "<group>"; };
/* End PBXFileReference section */

/* Begin PBXFrameworksBuildPhase section */
		6A2CB2D91C9D97CA00B57E82 /* Frameworks */ = {
			isa = PBXFrameworksBuildPhase;
			buildActionMask = 2147483647;
			files = (
			);
			runOnlyForDeploymentPostprocessing = 0;
		};
		6A2CB2F51C9D97CA00B57E82 /* Frameworks */ = {
			isa = PBXFrameworksBuildPhase;
			buildActionMask = 2147483647;
			files = (
			);
			runOnlyForDeploymentPostprocessing = 0;
		};
		6A2CB3001C9D97CA00B57E82 /* Frameworks */ = {
			isa = PBXFrameworksBuildPhase;
			buildActionMask = 2147483647;
			files = (
			);
			runOnlyForDeploymentPostprocessing = 0;
		};
/* End PBXFrameworksBuildPhase section */

/* Begin PBXGroup section */
		6A2CB2D31C9D97CA00B57E82 = {
			isa = PBXGroup;
			children = (
				6A2CB2DE1C9D97CA00B57E82 /* aa */,
				6A2CB2FB1C9D97CA00B57E82 /* aaTests */,
				6A2CB3061C9D97CA00B57E82 /* aaUITests */,
				6A2CB2DD1C9D97CA00B57E82 /* Products */,
			);
			sourceTree = "<group>";
		};
		6A2CB2DD1C9D97CA00B57E82 /* Products */ = {
			isa = PBXGroup;
			children = (
				6A2CB2DC1C9D97CA00B57E82 /* aa.app */,
				6A2CB2F81C9D97CA00B57E82 /* aaTests.xctest */,
				6A2CB3031C9D97CA00B57E82 /* aaUITests.xctest */,
			);
			name = Products;
			sourceTree = "<group>";
		};
		6A2CB2DE1C9D97CA00B57E82 /* aa */ = {
			isa = PBXGroup;
			children = (
				6A2CB2E21C9D97CA00B57E82 /* AppDelegate.h */,
				6A2CB2E31C9D97CA00B57E82 /* AppDelegate.m */,
				6A2CB2E51C9D97CA00B57E82 /* MasterViewController.h */,
				6A2CB2E61C9D97CA00B57E82 /* MasterViewController.m */,
				6A2CB2E81C9D97CA00B57E82 /* DetailViewController.h */,
				6A2CB2E91C9D97CA00B57E82 /* DetailViewController.m */,
				6A2CB2EB1C9D97CA00B57E82 /* Main.storyboard */,
				6A2CB2EE1C9D97CA00B57E82 /* Assets.xcassets */,
				6A2CB2F01C9D97CA00B57E82 /* LaunchScreen.storyboard */,
				6A2CB2F31C9D97CA00B57E82 /* Info.plist */,
				6A2CB2DF1C9D97CA00B57E82 /* Supporting Files */,
			);
			path = aa;
			sourceTree = "<group>";
		};
		6A2CB2DF1C9D97CA00B57E82 /* Supporting Files */ = {
			isa = PBXGroup;
			children = (
				6A2CB2E01C9D97CA00B57E82 /* main.m */,
			);
			name = "Supporting Files";
			sourceTree = "<group>";
		};
		6A2CB2FB1C9D97CA00B57E82 /* aaTests */ = {
			isa = PBXGroup;
			children = (
				6A2CB2FC1C9D97CA00B57E82 /* aaTests.m */,
				6A2CB2FE1C9D97CA00B57E82 /* Info.plist */,
			);
			path = aaTests;
			sourceTree = "<group>";
		};
		6A2CB3061C9D97CA00B57E82 /* aaUITests */ = {
			isa = PBXGroup;
			children = (
				6A2CB3071C9D97CA00B57E82 /* aaUITests.m */,
				6A2CB3091C9D97CA00B57E82 /* Info.plist */,
			);
			path = aaUITests;
			sourceTree = "<group>";
		};
/* End PBXGroup section */

/* Begin PBXNativeTarget section */
		6A2CB2DB1C9D97CA00B57E82 /* aa */ = {
			isa = PBXNativeTarget;
			buildConfigurationList = 6A2CB30C1C9D97CA00B57E82 /* Build configuration list for PBXNativeTarget "aa" */;
			buildPhases = (
				6A2CB2D81C9D97CA00B57E82 /* Sources */,
				6A2CB2D91C9D97CA00B57E82 /* Frameworks */,
				6A2CB2DA1C9D97CA00B57E82 /* Resources */,
			);
			buildRules = (
			);
			dependencies = (
			);
			name = aa;
			productName = aa;
			productReference = 6A2CB2DC1C9D97CA00B57E82 /* aa.app */;
			productType = "com.apple.product-type.application";
		};
		6A2CB2F71C9D97CA00B57E82 /* aaTests */ = {
			isa = PBXNativeTarget;
			buildConfigurationList = 6A2CB30F1C9D97CA00B57E82 /* Build configuration list for PBXNativeTarget "aaTests" */;
			buildPhases = (
				6A2CB2F41C9D97CA00B57E82 /* Sources */,
				6A2CB2F51C9D97CA00B57E82 /* Frameworks */,
				6A2CB2F61C9D97CA00B57E82 /* Resources */,
			);
			buildRules = (
			);
			dependencies = (
				6A2CB2FA1C9D97CA00B57E82 /* PBXTargetDependency */,
			);
			name = aaTests;
			productName = aaTests;
			productReference = 6A2CB2F81C9D97CA00B57E82 /* aaTests.xctest */;
			productType = "com.apple.product-type.bundle.unit-test";
		};
		6A2CB3021C9D97CA00B57E82 /* aaUITests */ = {
			isa = PBXNativeTarget;
			buildConfigurationList = 6A2CB3121C9D97CA00B57E82 /* Build configuration list for PBXNativeTarget "aaUITests" */;
			buildPhases = (
				6A2CB2FF1C9D97CA00B57E82 /* Sources */,
				6A2CB3001C9D97CA00B57E82 /* Frameworks */,
				6A2CB3011C9D97CA00B57E82 /* Resources */,
			);
			buildRules = (
			);
			dependencies = (
				6A2CB3051C9D97CA00B57E82 /* PBXTargetDependency */,
			);
			name = aaUITests;
			productName = aaUITests;
			productReference = 6A2CB3031C9D97CA00B57E82 /* aaUITests.xctest */;
			productType = "com.apple.product-type.bundle.ui-testing";
		};
/* End PBXNativeTarget section */

/* Begin PBXProject section */
		6A2CB2D41C9D97CA00B57E82 /* Project object */ = {
			isa = PBXProject;
			attributes = {
				LastUpgradeCheck = 0720;
				ORGANIZATIONNAME = "罗邦杰";
				TargetAttributes = {
					6A2CB2DB1C9D97CA00B57E82 = {
						CreatedOnToolsVersion = 7.2;
					};
					6A2CB2F71C9D97CA00B57E82 = {
						CreatedOnToolsVersion = 7.2;
						TestTargetID = 6A2CB2DB1C9D97CA00B57E82;
					};
					6A2CB3021C9D97CA00B57E82 = {
						CreatedOnToolsVersion = 7.2;
						TestTargetID = 6A2CB2DB1C9D97CA00B57E82;
					};
				};
			};
			buildConfigurationList = 6A2CB2D71C9D97CA00B57E82 /* Build configuration list for PBXProject "aa" */;
			compatibilityVersion = "Xcode 3.2";
			developmentRegion = English;
			hasScannedForEncodings = 0;
			knownRegions = (
				en,
				Base,
			);
			mainGroup = 6A2CB2D31C9D97CA00B57E82;
			productRefGroup = 6A2CB2DD1C9D97CA00B57E82 /* Products */;
			projectDirPath = "";
			projectRoot = "";
			targets = (
				6A2CB2DB1C9D97CA00B57E82 /* aa */,
				6A2CB2F71C9D97CA00B57E82 /* aaTests */,
				6A2CB3021C9D97CA00B57E82 /* aaUITests */,
			);
		};
/* End PBXProject section */

/* Begin PBXResourcesBuildPhase section */
		6A2CB2DA1C9D97CA00B57E82 /* Resources */ = {
			isa = PBXResourcesBuildPhase;
			buildActionMask = 2147483647;
			files = (
				6A2CB2F21C9D97CA00B57E82 /* LaunchScreen.storyboard in Resources */,
				6A2CB2EF1C9D97CA00B57E82 /* Assets.xcassets in Resources */,
				6A2CB2ED1C9D97CA00B57E82 /* Main.storyboard in Resources */,
			);
			runOnlyForDeploymentPostprocessing = 0;
		};
		6A2CB2F61C9D97CA00B57E82 /* Resources */ = {
			isa = PBXResourcesBuildPhase;
			buildActionMask = 2147483647;
			files = (
			);
			runOnlyForDeploymentPostprocessing = 0;
		};
		6A2CB3011C9D97CA00B57E82 /* Resources */ = {
			isa = PBXResourcesBuildPhase;
			buildActionMask = 2147483647;
			files = (
			);
			runOnlyForDeploymentPostprocessing = 0;
		};
/* End PBXResourcesBuildPhase section */

/* Begin PBXSourcesBuildPhase section */
		6A2CB2D81C9D97CA00B57E82 /* Sources */ = {
			isa = PBXSourcesBuildPhase;
			buildActionMask = 2147483647;
			files = (
				6A2CB2E41C9D97CA00B57E82 /* AppDelegate.m in Sources */,
				6A2CB2E71C9D97CA00B57E82 /* MasterViewController.m in Sources */,
				6A2CB2E11C9D97CA00B57E82 /* main.m in Sources */,
				6A2CB2EA1C9D97CA00B57E82 /* DetailViewController.m in Sources */,
			);
			runOnlyForDeploymentPostprocessing = 0;
		};
		6A2CB2F41C9D97CA00B57E82 /* Sources */ = {
			isa = PBXSourcesBuildPhase;
			buildActionMask = 2147483647;
			files = (
				6A2CB2FD1C9D97CA00B57E82 /* aaTests.m in Sources */,
			);
			runOnlyForDeploymentPostprocessing = 0;
		};
		6A2CB2FF1C9D97CA00B57E82 /* Sources */ = {
			isa = PBXSourcesBuildPhase;
			buildActionMask = 2147483647;
			files = (
				6A2CB3081C9D97CA00B57E82 /* aaUITests.m in Sources */,
			);
			runOnlyForDeploymentPostprocessing = 0;
		};
/* End PBXSourcesBuildPhase section */

/* Begin PBXTargetDependency section */
		6A2CB2FA1C9D97CA00B57E82 /* PBXTargetDependency */ = {
			isa = PBXTargetDependency;
			target = 6A2CB2DB1C9D97CA00B57E82 /* aa */;
			targetProxy = 6A2CB2F91C9D97CA00B57E82 /* PBXContainerItemProxy */;
		};
		6A2CB3051C9D97CA00B57E82 /* PBXTargetDependency */ = {
			isa = PBXTargetDependency;
			target = 6A2CB2DB1C9D97CA00B57E82 /* aa */;
			targetProxy = 6A2CB3041C9D97CA00B57E82 /* PBXContainerItemProxy */;
		};
/* End PBXTargetDependency section */

/* Begin PBXVariantGroup section */
		6A2CB2EB1C9D97CA00B57E82 /* Main.storyboard */ = {
			isa = PBXVariantGroup;
			children = (
				6A2CB2EC1C9D97CA00B57E82 /* Base */,
			);
			name = Main.storyboard;
			sourceTree = "<group>";
		};
		6A2CB2F01C9D97CA00B57E82 /* LaunchScreen.storyboard */ = {
			isa = PBXVariantGroup;
			children = (
				6A2CB2F11C9D97CA00B57E82 /* Base */,
			);
			name = LaunchScreen.storyboard;
			sourceTree = "<group>";
		};
/* End PBXVariantGroup section */

/* Begin XCBuildConfiguration section */
		6A2CB30A1C9D97CA00B57E82 /* Debug */ = {
			isa = XCBuildConfiguration;
			buildSettings = {
				ALWAYS_SEARCH_USER_PATHS = NO;
				CLANG_CXX_LANGUAGE_STANDARD = "gnu++0x";
				CLANG_CXX_LIBRARY = "libc++";
				CLANG_ENABLE_MODULES = YES;
				CLANG_ENABLE_OBJC_ARC = YES;
				CLANG_WARN_BOOL_CONVERSION = YES;
				CLANG_WARN_CONSTANT_CONVERSION = YES;
				CLANG_WARN_DIRECT_OBJC_ISA_USAGE = YES_ERROR;
				CLANG_WARN_EMPTY_BODY = YES;
				CLANG_WARN_ENUM_CONVERSION = YES;
				CLANG_WARN_INT_CONVERSION = YES;
				CLANG_WARN_OBJC_ROOT_CLASS = YES_ERROR;
				CLANG_WARN_UNREACHABLE_CODE = YES;
				CLANG_WARN__DUPLICATE_METHOD_MATCH = YES;
				"CODE_SIGN_IDENTITY[sdk=iphoneos*]" = "iPhone Developer";
				COPY_PHASE_STRIP = NO;
				DEBUG_INFORMATION_FORMAT = dwarf;
				ENABLE_STRICT_OBJC_MSGSEND = YES;
				ENABLE_TESTABILITY = YES;
				GCC_C_LANGUAGE_STANDARD = gnu99;
				GCC_DYNAMIC_NO_PIC = NO;
				GCC_NO_COMMON_BLOCKS = YES;
				GCC_OPTIMIZATION_LEVEL = 0;
				GCC_PREPROCESSOR_DEFINITIONS = (
					"DEBUG=1",
					"$(inherited)",
				);
				GCC_WARN_64_TO_32_BIT_CONVERSION = YES;
				GCC_WARN_ABOUT_RETURN_TYPE = YES_ERROR;
				GCC_WARN_UNDECLARED_SELECTOR = YES;
				GCC_WARN_UNINITIALIZED_AUTOS = YES_AGGRESSIVE;
				GCC_WARN_UNUSED_FUNCTION = YES;
				GCC_WARN_UNUSED_VARIABLE = YES;
				IPHONEOS_DEPLOYMENT_TARGET = 9.2;
				MTL_ENABLE_DEBUG_INFO = YES;
				ONLY_ACTIVE_ARCH = YES;
				SDKROOT = iphoneos;
				TARGETED_DEVICE_FAMILY = "1,2";
			};
			name = Debug;
		};
		6A2CB30B1C9D97CA00B57E82 /* Release */ = {
			isa = XCBuildConfiguration;
			buildSettings = {
				ALWAYS_SEARCH_USER_PATHS = NO;
				CLANG_CXX_LANGUAGE_STANDARD = "gnu++0x";
				CLANG_CXX_LIBRARY = "libc++";
				CLANG_ENABLE_MODULES = YES;
				CLANG_ENABLE_OBJC_ARC = YES;
				CLANG_WARN_BOOL_CONVERSION = YES;
				CLANG_WARN_CONSTANT_CONVERSION = YES;
				CLANG_WARN_DIRECT_OBJC_ISA_USAGE = YES_ERROR;
				CLANG_WARN_EMPTY_BODY = YES;
				CLANG_WARN_ENUM_CONVERSION = YES;
				CLANG_WARN_INT_CONVERSION = YES;
				CLANG_WARN_OBJC_ROOT_CLASS = YES_ERROR;
				CLANG_WARN_UNREACHABLE_CODE = YES;
				CLANG_WARN__DUPLICATE_METHOD_MATCH = YES;
				"CODE_SIGN_IDENTITY[sdk=iphoneos*]" = "iPhone Developer";
				COPY_PHASE_STRIP = NO;
				DEBUG_INFORMATION_FORMAT = "dwarf-with-dsym";
				ENABLE_NS_ASSERTIONS = NO;
				ENABLE_STRICT_OBJC_MSGSEND = YES;
				GCC_C_LANGUAGE_STANDARD = gnu99;
				GCC_NO_COMMON_BLOCKS = YES;
				GCC_WARN_64_TO_32_BIT_CONVERSION = YES;
				GCC_WARN_ABOUT_RETURN_TYPE = YES_ERROR;
				GCC_WARN_UNDECLARED_SELECTOR = YES;
				GCC_WARN_UNINITIALIZED_AUTOS = YES_AGGRESSIVE;
				GCC_WARN_UNUSED_FUNCTION = YES;
				GCC_WARN_UNUSED_VARIABLE = YES;
				IPHONEOS_DEPLOYMENT_TARGET = 9.2;
				MTL_ENABLE_DEBUG_INFO = NO;
				SDKROOT = iphoneos;
				TARGETED_DEVICE_FAMILY = "1,2";
				VALIDATE_PRODUCT = YES;
			};
			name = Release;
		};
		6A2CB30D1C9D97CA00B57E82 /* Debug */ = {
			isa = XCBuildConfiguration;
			buildSettings = {
				ASSETCATALOG_COMPILER_APPICON_NAME = AppIcon;
				INFOPLIST_FILE = aa/Info.plist;
				LD_RUNPATH_SEARCH_PATHS = "$(inherited) @executable_path/Frameworks";
				PRODUCT_BUNDLE_IDENTIFIER = com.aa;
				PRODUCT_NAME = "$(TARGET_NAME)";
			};
			name = Debug;
		};
		6A2CB30E1C9D97CA00B57E82 /* Release */ = {
			isa = XCBuildConfiguration;
			buildSettings = {
				ASSETCATALOG_COMPILER_APPICON_NAME = AppIcon;
				INFOPLIST_FILE = aa/Info.plist;
				LD_RUNPATH_SEARCH_PATHS = "$(inherited) @executable_path/Frameworks";
				PRODUCT_BUNDLE_IDENTIFIER = com.aa;
				PRODUCT_NAME = "$(TARGET_NAME)";
			};
			name = Release;
		};
		6A2CB3101C9D97CA00B57E82 /* Debug */ = {
			isa = XCBuildConfiguration;
			buildSettings = {
				BUNDLE_LOADER = "$(TEST_HOST)";
				INFOPLIST_FILE = aaTests/Info.plist;
				LD_RUNPATH_SEARCH_PATHS = "$(inherited) @executable_path/Frameworks @loader_path/Frameworks";
				PRODUCT_BUNDLE_IDENTIFIER = com.aaTests;
				PRODUCT_NAME = "$(TARGET_NAME)";
				TEST_HOST = "$(BUILT_PRODUCTS_DIR)/aa.app/aa";
			};
			name = Debug;
		};
		6A2CB3111C9D97CA00B57E82 /* Release */ = {
			isa = XCBuildConfiguration;
			buildSettings = {
				BUNDLE_LOADER = "$(TEST_HOST)";
				INFOPLIST_FILE = aaTests/Info.plist;
				LD_RUNPATH_SEARCH_PATHS = "$(inherited) @executable_path/Frameworks @loader_path/Frameworks";
				PRODUCT_BUNDLE_IDENTIFIER = com.aaTests;
				PRODUCT_NAME = "$(TARGET_NAME)";
				TEST_HOST = "$(BUILT_PRODUCTS_DIR)/aa.app/aa";
			};
			name = Release;
		};
		6A2CB3131C9D97CA00B57E82 /* Debug */ = {
			isa = XCBuildConfiguration;
			buildSettings = {
				INFOPLIST_FILE = aaUITests/Info.plist;
				LD_RUNPATH_SEARCH_PATHS = "$(inherited) @executable_path/Frameworks @loader_path/Frameworks";
				PRODUCT_BUNDLE_IDENTIFIER = com.aaUITests;
				PRODUCT_NAME = "$(TARGET_NAME)";
				TEST_TARGET_NAME = aa;
				USES_XCTRUNNER = YES;
			};
			name = Debug;
		};
		6A2CB3141C9D97CA00B57E82 /* Release */ = {
			isa = XCBuildConfiguration;
			buildSettings = {
				INFOPLIST_FILE = aaUITests/Info.plist;
				LD_RUNPATH_SEARCH_PATHS = "$(inherited) @executable_path/Frameworks @loader_path/Frameworks";
				PRODUCT_BUNDLE_IDENTIFIER = com.aaUITests;
				PRODUCT_NAME = "$(TARGET_NAME)";
				TEST_TARGET_NAME = aa;
				USES_XCTRUNNER = YES;
			};
			name = Release;
		};
/* End XCBuildConfiguration section */

/* Begin XCConfigurationList section */
		6A2CB2D71C9D97CA00B57E82 /* Build configuration list for PBXProject "aa" */ = {
			isa = XCConfigurationList;
			buildConfigurations = (
				6A2CB30A1C9D97CA00B57E82 /* Debug */,
				6A2CB30B1C9D97CA00B57E82 /* Release */,
			);
			defaultConfigurationIsVisible = 0;
			defaultConfigurationName = Release;
		};
		6A2CB30C1C9D97CA00B57E82 /* Build configuration list for PBXNativeTarget "aa" */ = {
			isa = XCConfigurationList;
			buildConfigurations = (
				6A2CB30D1C9D97CA00B57E82 /* Debug */,
				6A2CB30E1C9D97CA00B57E82 /* Release */,
			);
			defaultConfigurationIsVisible = 0;
		};
		6A2CB30F1C9D97CA00B57E82 /* Build configuration list for PBXNativeTarget "aaTests" */ = {
			isa = XCConfigurationList;
			buildConfigurations = (
				6A2CB3101C9D97CA00B57E82 /* Debug */,
				6A2CB3111C9D97CA00B57E82 /* Release */,
			);
			defaultConfigurationIsVisible = 0;
		};
		6A2CB3121C9D97CA00B57E82 /* Build configuration list for PBXNativeTarget "aaUITests" */ = {
			isa = XCConfigurationList;
			buildConfigurations = (
				6A2CB3131C9D97CA00B57E82 /* Debug */,
				6A2CB3141C9D97CA00B57E82 /* Release */,
			);
			defaultConfigurationIsVisible = 0;
		};
/* End XCConfigurationList section */
	};
	rootObject = 6A2CB2D41C9D97CA00B57E82 /* Project object */;
}
